
Microsoft Visual Studio Solution File, Format Version 12.00
# Visual Studio 2015
Project("{FAE04EC0-301F-11D3-BF4B-00C04F79EFBC}") = "leapTest2.CSharp", "leapTest2.CSharp.csproj", "{C23C059D-5B0E-9A04-D47C-77215DA5748C}"
EndProject
Project("{FAE04EC0-301F-11D3-BF4B-00C04F79EFBC}") = "leapTest2.CSharp.Editor", "leapTest2.CSharp.Editor.csproj", "{238B4742-9546-E397-926A-1BC272D2B232}"
EndProject
Global
	GlobalSection(SolutionConfigurationPlatforms) = preSolution
		Debug|Any CPU = Debug|Any CPU
		Release|Any CPU = Release|Any CPU
	EndGlobalSection
	GlobalSection(ProjectConfigurationPlatforms) = postSolution
		{C23C059D-5B0E-9A04-D47C-77215DA5748C}.Debug|Any CPU.ActiveCfg = Debug|Any CPU
		{C23C059D-5B0E-9A04-D47C-77215DA5748C}.Debug|Any CPU.Build.0 = Debug|Any CPU
		{C23C059D-5B0E-9A04-D47C-77215DA5748C}.Release|Any CPU.ActiveCfg = Release|Any CPU
		{C23C059D-5B0E-9A04-D47C-77215DA5748C}.Release|Any CPU.Build.0 = Release|Any CPU
		{238B4742-9546-E397-926A-1BC272D2B232}.Debug|Any CPU.ActiveCfg = Debug|Any CPU
		{238B4742-9546-E397-926A-1BC272D2B232}.Debug|Any CPU.Build.0 = Debug|Any CPU
		{238B4742-9546-E397-926A-1BC272D2B232}.Release|Any CPU.ActiveCfg = Release|Any CPU
		{238B4742-9546-E397-926A-1BC272D2B232}.Release|Any CPU.Build.0 = Release|Any CPU
	EndGlobalSection
	GlobalSection(SolutionProperties) = preSolution
		HideSolutionNode = FALSE
	EndGlobalSection
EndGlobal
